<?xml version="1.0" encoding="utf-8"?>
<Project ToolsVersion="4.0" xmlns="http://schemas.microsoft.com/developer/msbuild/2003">
  <ItemGroup>
    <ClCompile Include="main.cpp" />
    <ClCompile Include="World.cpp" />
    <ClCompile Include="Objects\Archer.cpp">
      <Filter>Objects</Filter>
    </ClCompile>
    <ClCompile Include="Objects\Creature.cpp">
      <Filter>Objects</Filter>
    </ClCompile>
    <ClCompile Include="Objects\Goblin.cpp">
      <Filter>Objects</Filter>
    </ClCompile>
    <ClCompile Include="Objects\Knight.cpp">
      <Filter>Objects</Filter>
    </ClCompile>
    <ClCompile Include="Objects\Mage.cpp">
      <Filter>Objects</Filter>
    </ClCompile>
    <ClCompile Include="Objects\Monster.cpp">
      <Filter>Objects</Filter>
    </ClCompile>
    <ClCompile Include="Objects\Player.cpp">
      <Filter>Objects</Filter>
    </ClCompile>
    <ClCompile Include="SoundManager.cpp" />
    <ClCompile Include="framework.cpp" />
    <ClCompile Include="BossWorld.cpp" />
    <ClCompile Include="Objects\Boss.cpp">
      <Filter>Objects</Filter>
    </ClCompile>
  </ItemGroup>
  <ItemGroup>
    <ClInclude Include="framework.h" />
    <ClInclude Include="World.h" />
    <ClInclude Include="Objects\Archer.h">
      <Filter>Objects</Filter>
    </ClInclude>
    <ClInclude Include="Objects\Creature.h">
      <Filter>Objects</Filter>
    </ClInclude>
    <ClInclude Include="Objects\Goblin.h">
      <Filter>Objects</Filter>
    </ClInclude>
    <ClInclude Include="Objects\Knight.h">
      <Filter>Objects</Filter>
    </ClInclude>
    <ClInclude Include="Objects\Mage.h">
      <Filter>Objects</Filter>
    </ClInclude>
    <ClInclude Include="Objects\Monster.h">
      <Filter>Objects</Filter>
    </ClInclude>
    <ClInclude Include="Objects\Player.h">
      <Filter>Objects</Filter>
    </ClInclude>
    <ClInclude Include="SoundManager.h" />
    <ClInclude Include="BossWorld.h" />
    <ClInclude Include="Objects\Boss.h">
      <Filter>Objects</Filter>
    </ClInclude>
  </ItemGroup>
  <ItemGroup>
    <Filter Include="Objects">
      <UniqueIdentifier>{c75f179d-abee-4fda-98f2-c32e19f7858c}</UniqueIdentifier>
    </Filter>
  </ItemGroup>
</Project>