
Microsoft Visual Studio Solution File, Format Version 12.00
# Visual Studio Version 17
VisualStudioVersion = 17.11.35222.181
MinimumVisualStudioVersion = 10.0.40219.1
Project("{8BC9CEB8-8B4A-11D0-8D11-00A0C91BC942}") = "01HelloWorld", "programing_0909\programing_0909.vcxproj", "{3109F537-8FFC-4874-9437-95B83CC34616}"
EndProject
Project("{8BC9CEB8-8B4A-11D0-8D11-00A0C91BC942}") = "04DataType", "DataType\DataType.vcxproj", "{A0F42307-5F08-4AF4-89F0-86C4C070CA96}"
EndProject
Project("{8BC9CEB8-8B4A-11D0-8D11-00A0C91BC942}") = "03Operator", "Operator\Operator.vcxproj", "{5DD96E5B-3195-4711-B369-86DD9EA10586}"
EndProject
Project("{8BC9CEB8-8B4A-11D0-8D11-00A0C91BC942}") = "02GlobalValueable", "전역변수지역변수\전역변수지역변수.vcxproj", "{E5D49B4D-2AFA-48A4-AD34-50F430C67422}"
EndProject
Project("{8BC9CEB8-8B4A-11D0-8D11-00A0C91BC942}") = "05conditional", "conditional\conditional.vcxproj", "{C13211E6-7856-4F72-8CE2-97352E1274D9}"
EndProject
Project("{8BC9CEB8-8B4A-11D0-8D11-00A0C91BC942}") = "06function", "function\function.vcxproj", "{BC016F5D-5204-4B59-A8D1-97BCAABAE9D8}"
EndProject
Project("{8BC9CEB8-8B4A-11D0-8D11-00A0C91BC942}") = "08pointer", "pointer\pointer.vcxproj", "{645ABB24-FDED-46D9-B640-FB86EA729D6B}"
EndProject
Project("{8BC9CEB8-8B4A-11D0-8D11-00A0C91BC942}") = "10pointer2", "pointer2\pointer2.vcxproj", "{702F1318-94F1-44ED-82FF-896D52D197DA}"
EndProject
Project("{8BC9CEB8-8B4A-11D0-8D11-00A0C91BC942}") = "09reference", "reference\reference.vcxproj", "{A3F42829-5BFF-4EEA-962A-0906B68ECECD}"
EndProject
Project("{8BC9CEB8-8B4A-11D0-8D11-00A0C91BC942}") = "07array", "array\array.vcxproj", "{70530DAC-306F-4F1D-B66F-DDF5CB4F9298}"
EndProject
Project("{8BC9CEB8-8B4A-11D0-8D11-00A0C91BC942}") = "11class", "class\class.vcxproj", "{6526E827-5C05-4519-8B84-64D5A9929C86}"
EndProject
Project("{8BC9CEB8-8B4A-11D0-8D11-00A0C91BC942}") = "12class constructor", "class constructor\class constructor.vcxproj", "{C783E61C-CC9E-4A0A-8D95-BECB47D40C28}"
EndProject
Project("{8BC9CEB8-8B4A-11D0-8D11-00A0C91BC942}") = "13classOperator", "classOperator\classOperator.vcxproj", "{58B9E2BE-DB3A-47F2-AAD2-85110B483935}"
EndProject
Project("{8BC9CEB8-8B4A-11D0-8D11-00A0C91BC942}") = "15DynamicAllocation", "DynamicAllocation\DynamicAllocation.vcxproj", "{959806BD-A345-4140-8B12-F76611A8977E}"
EndProject
Project("{8BC9CEB8-8B4A-11D0-8D11-00A0C91BC942}") = "14Class Pointer", "Class Pointer\Class Pointer.vcxproj", "{44CADC6A-DA51-41FA-86DB-C95EDECE37B3}"
EndProject
Project("{8BC9CEB8-8B4A-11D0-8D11-00A0C91BC942}") = "18Abstraction", "Abstraction\Abstraction.vcxproj", "{01A07B42-7646-4BEB-9C61-F43201EA1A2A}"
EndProject
Project("{8BC9CEB8-8B4A-11D0-8D11-00A0C91BC942}") = "16Singleton", "Singleton\Singleton.vcxproj", "{C4BAB298-A9A8-4413-8B46-14E2ADB44231}"
EndProject
Project("{8BC9CEB8-8B4A-11D0-8D11-00A0C91BC942}") = "17DeepCopy", "DeepCopy\DeepCopy.vcxproj", "{3176F8DB-9280-4DB9-B2B6-15BD3B05388D}"
EndProject
Project("{8BC9CEB8-8B4A-11D0-8D11-00A0C91BC942}") = "19Casting", "Casting\Casting.vcxproj", "{0F8A8A75-5E8B-4FEA-96F1-5F69C9D06493}"
EndProject
Project("{8BC9CEB8-8B4A-11D0-8D11-00A0C91BC942}") = "20Callback", "Callback\Callback.vcxproj", "{2F31098C-CDA8-4A8A-8544-15E98523C1C1}"
EndProject
Project("{8BC9CEB8-8B4A-11D0-8D11-00A0C91BC942}") = "21Functor", "Functor\Functor.vcxproj", "{13DC924C-81EC-4479-9B95-D696493BBEDA}"
EndProject
Project("{8BC9CEB8-8B4A-11D0-8D11-00A0C91BC942}") = "22Template", "22Template\22Template.vcxproj", "{3814FE5E-E3D5-4D2B-96C8-F642095AAA94}"
EndProject
Project("{8BC9CEB8-8B4A-11D0-8D11-00A0C91BC942}") = "23TemplateClass", "23TemplateClass\23TemplateClass.vcxproj", "{792571A8-C19C-4640-A35B-A1C6724E19FB}"
EndProject
Project("{8BC9CEB8-8B4A-11D0-8D11-00A0C91BC942}") = "24Container", "24Container\24Container.vcxproj", "{82C4CA22-82D2-4CDE-A82B-2CA0C7AD6012}"
EndProject
Project("{8BC9CEB8-8B4A-11D0-8D11-00A0C91BC942}") = "25Map", "25Map\25Map.vcxproj", "{F64BCB47-E254-4084-B4BE-56DB76BC118E}"
EndProject
Project("{8BC9CEB8-8B4A-11D0-8D11-00A0C91BC942}") = "26 NOTE", "26 NOTE\26 NOTE.vcxproj", "{6F670ACC-3DCF-4C4C-A0CB-ECFAB20123B2}"
EndProject
Global
	GlobalSection(SolutionConfigurationPlatforms) = preSolution
		Debug|x64 = Debug|x64
		Debug|x86 = Debug|x86
		Release|x64 = Release|x64
		Release|x86 = Release|x86
	EndGlobalSection
	GlobalSection(ProjectConfigurationPlatforms) = postSolution
		{3109F537-8FFC-4874-9437-95B83CC34616}.Debug|x64.ActiveCfg = Debug|x64
		{3109F537-8FFC-4874-9437-95B83CC34616}.Debug|x64.Build.0 = Debug|x64
		{3109F537-8FFC-4874-9437-95B83CC34616}.Debug|x86.ActiveCfg = Debug|Win32
		{3109F537-8FFC-4874-9437-95B83CC34616}.Debug|x86.Build.0 = Debug|Win32
		{3109F537-8FFC-4874-9437-95B83CC34616}.Release|x64.ActiveCfg = Release|x64
		{3109F537-8FFC-4874-9437-95B83CC34616}.Release|x64.Build.0 = Release|x64
		{3109F537-8FFC-4874-9437-95B83CC34616}.Release|x86.ActiveCfg = Release|Win32
		{3109F537-8FFC-4874-9437-95B83CC34616}.Release|x86.Build.0 = Release|Win32
		{A0F42307-5F08-4AF4-89F0-86C4C070CA96}.Debug|x64.ActiveCfg = Debug|x64
		{A0F42307-5F08-4AF4-89F0-86C4C070CA96}.Debug|x64.Build.0 = Debug|x64
		{A0F42307-5F08-4AF4-89F0-86C4C070CA96}.Debug|x86.ActiveCfg = Debug|Win32
		{A0F42307-5F08-4AF4-89F0-86C4C070CA96}.Debug|x86.Build.0 = Debug|Win32
		{A0F42307-5F08-4AF4-89F0-86C4C070CA96}.Release|x64.ActiveCfg = Release|x64
		{A0F42307-5F08-4AF4-89F0-86C4C070CA96}.Release|x64.Build.0 = Release|x64
		{A0F42307-5F08-4AF4-89F0-86C4C070CA96}.Release|x86.ActiveCfg = Release|Win32
		{A0F42307-5F08-4AF4-89F0-86C4C070CA96}.Release|x86.Build.0 = Release|Win32
		{5DD96E5B-3195-4711-B369-86DD9EA10586}.Debug|x64.ActiveCfg = Debug|x64
		{5DD96E5B-3195-4711-B369-86DD9EA10586}.Debug|x64.Build.0 = Debug|x64
		{5DD96E5B-3195-4711-B369-86DD9EA10586}.Debug|x86.ActiveCfg = Debug|Win32
		{5DD96E5B-3195-4711-B369-86DD9EA10586}.Debug|x86.Build.0 = Debug|Win32
		{5DD96E5B-3195-4711-B369-86DD9EA10586}.Release|x64.ActiveCfg = Release|x64
		{5DD96E5B-3195-4711-B369-86DD9EA10586}.Release|x64.Build.0 = Release|x64
		{5DD96E5B-3195-4711-B369-86DD9EA10586}.Release|x86.ActiveCfg = Release|Win32
		{5DD96E5B-3195-4711-B369-86DD9EA10586}.Release|x86.Build.0 = Release|Win32
		{E5D49B4D-2AFA-48A4-AD34-50F430C67422}.Debug|x64.ActiveCfg = Debug|x64
		{E5D49B4D-2AFA-48A4-AD34-50F430C67422}.Debug|x64.Build.0 = Debug|x64
		{E5D49B4D-2AFA-48A4-AD34-50F430C67422}.Debug|x86.ActiveCfg = Debug|Win32
		{E5D49B4D-2AFA-48A4-AD34-50F430C67422}.Debug|x86.Build.0 = Debug|Win32
		{E5D49B4D-2AFA-48A4-AD34-50F430C67422}.Release|x64.ActiveCfg = Release|x64
		{E5D49B4D-2AFA-48A4-AD34-50F430C67422}.Release|x64.Build.0 = Release|x64
		{E5D49B4D-2AFA-48A4-AD34-50F430C67422}.Release|x86.ActiveCfg = Release|Win32
		{E5D49B4D-2AFA-48A4-AD34-50F430C67422}.Release|x86.Build.0 = Release|Win32
		{C13211E6-7856-4F72-8CE2-97352E1274D9}.Debug|x64.ActiveCfg = Debug|x64
		{C13211E6-7856-4F72-8CE2-97352E1274D9}.Debug|x64.Build.0 = Debug|x64
		{C13211E6-7856-4F72-8CE2-97352E1274D9}.Debug|x86.ActiveCfg = Debug|Win32
		{C13211E6-7856-4F72-8CE2-97352E1274D9}.Debug|x86.Build.0 = Debug|Win32
		{C13211E6-7856-4F72-8CE2-97352E1274D9}.Release|x64.ActiveCfg = Release|x64
		{C13211E6-7856-4F72-8CE2-97352E1274D9}.Release|x64.Build.0 = Release|x64
		{C13211E6-7856-4F72-8CE2-97352E1274D9}.Release|x86.ActiveCfg = Release|Win32
		{C13211E6-7856-4F72-8CE2-97352E1274D9}.Release|x86.Build.0 = Release|Win32
		{BC016F5D-5204-4B59-A8D1-97BCAABAE9D8}.Debug|x64.ActiveCfg = Debug|x64
		{BC016F5D-5204-4B59-A8D1-97BCAABAE9D8}.Debug|x64.Build.0 = Debug|x64
		{BC016F5D-5204-4B59-A8D1-97BCAABAE9D8}.Debug|x86.ActiveCfg = Debug|Win32
		{BC016F5D-5204-4B59-A8D1-97BCAABAE9D8}.Debug|x86.Build.0 = Debug|Win32
		{BC016F5D-5204-4B59-A8D1-97BCAABAE9D8}.Release|x64.ActiveCfg = Release|x64
		{BC016F5D-5204-4B59-A8D1-97BCAABAE9D8}.Release|x64.Build.0 = Release|x64
		{BC016F5D-5204-4B59-A8D1-97BCAABAE9D8}.Release|x86.ActiveCfg = Release|Win32
		{BC016F5D-5204-4B59-A8D1-97BCAABAE9D8}.Release|x86.Build.0 = Release|Win32
		{645ABB24-FDED-46D9-B640-FB86EA729D6B}.Debug|x64.ActiveCfg = Debug|x64
		{645ABB24-FDED-46D9-B640-FB86EA729D6B}.Debug|x64.Build.0 = Debug|x64
		{645ABB24-FDED-46D9-B640-FB86EA729D6B}.Debug|x86.ActiveCfg = Debug|Win32
		{645ABB24-FDED-46D9-B640-FB86EA729D6B}.Debug|x86.Build.0 = Debug|Win32
		{645ABB24-FDED-46D9-B640-FB86EA729D6B}.Release|x64.ActiveCfg = Release|x64
		{645ABB24-FDED-46D9-B640-FB86EA729D6B}.Release|x64.Build.0 = Release|x64
		{645ABB24-FDED-46D9-B640-FB86EA729D6B}.Release|x86.ActiveCfg = Release|Win32
		{645ABB24-FDED-46D9-B640-FB86EA729D6B}.Release|x86.Build.0 = Release|Win32
		{702F1318-94F1-44ED-82FF-896D52D197DA}.Debug|x64.ActiveCfg = Debug|x64
		{702F1318-94F1-44ED-82FF-896D52D197DA}.Debug|x64.Build.0 = Debug|x64
		{702F1318-94F1-44ED-82FF-896D52D197DA}.Debug|x86.ActiveCfg = Debug|Win32
		{702F1318-94F1-44ED-82FF-896D52D197DA}.Debug|x86.Build.0 = Debug|Win32
		{702F1318-94F1-44ED-82FF-896D52D197DA}.Release|x64.ActiveCfg = Release|x64
		{702F1318-94F1-44ED-82FF-896D52D197DA}.Release|x64.Build.0 = Release|x64
		{702F1318-94F1-44ED-82FF-896D52D197DA}.Release|x86.ActiveCfg = Release|Win32
		{702F1318-94F1-44ED-82FF-896D52D197DA}.Release|x86.Build.0 = Release|Win32
		{A3F42829-5BFF-4EEA-962A-0906B68ECECD}.Debug|x64.ActiveCfg = Debug|x64
		{A3F42829-5BFF-4EEA-962A-0906B68ECECD}.Debug|x64.Build.0 = Debug|x64
		{A3F42829-5BFF-4EEA-962A-0906B68ECECD}.Debug|x86.ActiveCfg = Debug|Win32
		{A3F42829-5BFF-4EEA-962A-0906B68ECECD}.Debug|x86.Build.0 = Debug|Win32
		{A3F42829-5BFF-4EEA-962A-0906B68ECECD}.Release|x64.ActiveCfg = Release|x64
		{A3F42829-5BFF-4EEA-962A-0906B68ECECD}.Release|x64.Build.0 = Release|x64
		{A3F42829-5BFF-4EEA-962A-0906B68ECECD}.Release|x86.ActiveCfg = Release|Win32
		{A3F42829-5BFF-4EEA-962A-0906B68ECECD}.Release|x86.Build.0 = Release|Win32
		{70530DAC-306F-4F1D-B66F-DDF5CB4F9298}.Debug|x64.ActiveCfg = Debug|x64
		{70530DAC-306F-4F1D-B66F-DDF5CB4F9298}.Debug|x64.Build.0 = Debug|x64
		{70530DAC-306F-4F1D-B66F-DDF5CB4F9298}.Debug|x86.ActiveCfg = Debug|Win32
		{70530DAC-306F-4F1D-B66F-DDF5CB4F9298}.Debug|x86.Build.0 = Debug|Win32
		{70530DAC-306F-4F1D-B66F-DDF5CB4F9298}.Release|x64.ActiveCfg = Release|x64
		{70530DAC-306F-4F1D-B66F-DDF5CB4F9298}.Release|x64.Build.0 = Release|x64
		{70530DAC-306F-4F1D-B66F-DDF5CB4F9298}.Release|x86.ActiveCfg = Release|Win32
		{70530DAC-306F-4F1D-B66F-DDF5CB4F9298}.Release|x86.Build.0 = Release|Win32
		{6526E827-5C05-4519-8B84-64D5A9929C86}.Debug|x64.ActiveCfg = Debug|x64
		{6526E827-5C05-4519-8B84-64D5A9929C86}.Debug|x64.Build.0 = Debug|x64
		{6526E827-5C05-4519-8B84-64D5A9929C86}.Debug|x86.ActiveCfg = Debug|Win32
		{6526E827-5C05-4519-8B84-64D5A9929C86}.Debug|x86.Build.0 = Debug|Win32
		{6526E827-5C05-4519-8B84-64D5A9929C86}.Release|x64.ActiveCfg = Release|x64
		{6526E827-5C05-4519-8B84-64D5A9929C86}.Release|x64.Build.0 = Release|x64
		{6526E827-5C05-4519-8B84-64D5A9929C86}.Release|x86.ActiveCfg = Release|Win32
		{6526E827-5C05-4519-8B84-64D5A9929C86}.Release|x86.Build.0 = Release|Win32
		{C783E61C-CC9E-4A0A-8D95-BECB47D40C28}.Debug|x64.ActiveCfg = Debug|x64
		{C783E61C-CC9E-4A0A-8D95-BECB47D40C28}.Debug|x64.Build.0 = Debug|x64
		{C783E61C-CC9E-4A0A-8D95-BECB47D40C28}.Debug|x86.ActiveCfg = Debug|Win32
		{C783E61C-CC9E-4A0A-8D95-BECB47D40C28}.Debug|x86.Build.0 = Debug|Win32
		{C783E61C-CC9E-4A0A-8D95-BECB47D40C28}.Release|x64.ActiveCfg = Release|x64
		{C783E61C-CC9E-4A0A-8D95-BECB47D40C28}.Release|x64.Build.0 = Release|x64
		{C783E61C-CC9E-4A0A-8D95-BECB47D40C28}.Release|x86.ActiveCfg = Release|Win32
		{C783E61C-CC9E-4A0A-8D95-BECB47D40C28}.Release|x86.Build.0 = Release|Win32
		{58B9E2BE-DB3A-47F2-AAD2-85110B483935}.Debug|x64.ActiveCfg = Debug|x64
		{58B9E2BE-DB3A-47F2-AAD2-85110B483935}.Debug|x64.Build.0 = Debug|x64
		{58B9E2BE-DB3A-47F2-AAD2-85110B483935}.Debug|x86.ActiveCfg = Debug|Win32
		{58B9E2BE-DB3A-47F2-AAD2-85110B483935}.Debug|x86.Build.0 = Debug|Win32
		{58B9E2BE-DB3A-47F2-AAD2-85110B483935}.Release|x64.ActiveCfg = Release|x64
		{58B9E2BE-DB3A-47F2-AAD2-85110B483935}.Release|x64.Build.0 = Release|x64
		{58B9E2BE-DB3A-47F2-AAD2-85110B483935}.Release|x86.ActiveCfg = Release|Win32
		{58B9E2BE-DB3A-47F2-AAD2-85110B483935}.Release|x86.Build.0 = Release|Win32
		{959806BD-A345-4140-8B12-F76611A8977E}.Debug|x64.ActiveCfg = Debug|x64
		{959806BD-A345-4140-8B12-F76611A8977E}.Debug|x64.Build.0 = Debug|x64
		{959806BD-A345-4140-8B12-F76611A8977E}.Debug|x86.ActiveCfg = Debug|Win32
		{959806BD-A345-4140-8B12-F76611A8977E}.Debug|x86.Build.0 = Debug|Win32
		{959806BD-A345-4140-8B12-F76611A8977E}.Release|x64.ActiveCfg = Release|x64
		{959806BD-A345-4140-8B12-F76611A8977E}.Release|x64.Build.0 = Release|x64
		{959806BD-A345-4140-8B12-F76611A8977E}.Release|x86.ActiveCfg = Release|Win32
		{959806BD-A345-4140-8B12-F76611A8977E}.Release|x86.Build.0 = Release|Win32
		{44CADC6A-DA51-41FA-86DB-C95EDECE37B3}.Debug|x64.ActiveCfg = Debug|x64
		{44CADC6A-DA51-41FA-86DB-C95EDECE37B3}.Debug|x64.Build.0 = Debug|x64
		{44CADC6A-DA51-41FA-86DB-C95EDECE37B3}.Debug|x86.ActiveCfg = Debug|Win32
		{44CADC6A-DA51-41FA-86DB-C95EDECE37B3}.Debug|x86.Build.0 = Debug|Win32
		{44CADC6A-DA51-41FA-86DB-C95EDECE37B3}.Release|x64.ActiveCfg = Release|x64
		{44CADC6A-DA51-41FA-86DB-C95EDECE37B3}.Release|x64.Build.0 = Release|x64
		{44CADC6A-DA51-41FA-86DB-C95EDECE37B3}.Release|x86.ActiveCfg = Release|Win32
		{44CADC6A-DA51-41FA-86DB-C95EDECE37B3}.Release|x86.Build.0 = Release|Win32
		{01A07B42-7646-4BEB-9C61-F43201EA1A2A}.Debug|x64.ActiveCfg = Debug|x64
		{01A07B42-7646-4BEB-9C61-F43201EA1A2A}.Debug|x64.Build.0 = Debug|x64
		{01A07B42-7646-4BEB-9C61-F43201EA1A2A}.Debug|x86.ActiveCfg = Debug|Win32
		{01A07B42-7646-4BEB-9C61-F43201EA1A2A}.Debug|x86.Build.0 = Debug|Win32
		{01A07B42-7646-4BEB-9C61-F43201EA1A2A}.Release|x64.ActiveCfg = Release|x64
		{01A07B42-7646-4BEB-9C61-F43201EA1A2A}.Release|x64.Build.0 = Release|x64
		{01A07B42-7646-4BEB-9C61-F43201EA1A2A}.Release|x86.ActiveCfg = Release|Win32
		{01A07B42-7646-4BEB-9C61-F43201EA1A2A}.Release|x86.Build.0 = Release|Win32
		{C4BAB298-A9A8-4413-8B46-14E2ADB44231}.Debug|x64.ActiveCfg = Debug|x64
		{C4BAB298-A9A8-4413-8B46-14E2ADB44231}.Debug|x64.Build.0 = Debug|x64
		{C4BAB298-A9A8-4413-8B46-14E2ADB44231}.Debug|x86.ActiveCfg = Debug|Win32
		{C4BAB298-A9A8-4413-8B46-14E2ADB44231}.Debug|x86.Build.0 = Debug|Win32
		{C4BAB298-A9A8-4413-8B46-14E2ADB44231}.Release|x64.ActiveCfg = Release|x64
		{C4BAB298-A9A8-4413-8B46-14E2ADB44231}.Release|x64.Build.0 = Release|x64
		{C4BAB298-A9A8-4413-8B46-14E2ADB44231}.Release|x86.ActiveCfg = Release|Win32
		{C4BAB298-A9A8-4413-8B46-14E2ADB44231}.Release|x86.Build.0 = Release|Win32
		{3176F8DB-9280-4DB9-B2B6-15BD3B05388D}.Debug|x64.ActiveCfg = Debug|x64
		{3176F8DB-9280-4DB9-B2B6-15BD3B05388D}.Debug|x64.Build.0 = Debug|x64
		{3176F8DB-9280-4DB9-B2B6-15BD3B05388D}.Debug|x86.ActiveCfg = Debug|Win32
		{3176F8DB-9280-4DB9-B2B6-15BD3B05388D}.Debug|x86.Build.0 = Debug|Win32
		{3176F8DB-9280-4DB9-B2B6-15BD3B05388D}.Release|x64.ActiveCfg = Release|x64
		{3176F8DB-9280-4DB9-B2B6-15BD3B05388D}.Release|x64.Build.0 = Release|x64
		{3176F8DB-9280-4DB9-B2B6-15BD3B05388D}.Release|x86.ActiveCfg = Release|Win32
		{3176F8DB-9280-4DB9-B2B6-15BD3B05388D}.Release|x86.Build.0 = Release|Win32
		{0F8A8A75-5E8B-4FEA-96F1-5F69C9D06493}.Debug|x64.ActiveCfg = Debug|x64
		{0F8A8A75-5E8B-4FEA-96F1-5F69C9D06493}.Debug|x64.Build.0 = Debug|x64
		{0F8A8A75-5E8B-4FEA-96F1-5F69C9D06493}.Debug|x86.ActiveCfg = Debug|Win32
		{0F8A8A75-5E8B-4FEA-96F1-5F69C9D06493}.Debug|x86.Build.0 = Debug|Win32
		{0F8A8A75-5E8B-4FEA-96F1-5F69C9D06493}.Release|x64.ActiveCfg = Release|x64
		{0F8A8A75-5E8B-4FEA-96F1-5F69C9D06493}.Release|x64.Build.0 = Release|x64
		{0F8A8A75-5E8B-4FEA-96F1-5F69C9D06493}.Release|x86.ActiveCfg = Release|Win32
		{0F8A8A75-5E8B-4FEA-96F1-5F69C9D06493}.Release|x86.Build.0 = Release|Win32
		{2F31098C-CDA8-4A8A-8544-15E98523C1C1}.Debug|x64.ActiveCfg = Debug|x64
		{2F31098C-CDA8-4A8A-8544-15E98523C1C1}.Debug|x64.Build.0 = Debug|x64
		{2F31098C-CDA8-4A8A-8544-15E98523C1C1}.Debug|x86.ActiveCfg = Debug|Win32
		{2F31098C-CDA8-4A8A-8544-15E98523C1C1}.Debug|x86.Build.0 = Debug|Win32
		{2F31098C-CDA8-4A8A-8544-15E98523C1C1}.Release|x64.ActiveCfg = Release|x64
		{2F31098C-CDA8-4A8A-8544-15E98523C1C1}.Release|x64.Build.0 = Release|x64
		{2F31098C-CDA8-4A8A-8544-15E98523C1C1}.Release|x86.ActiveCfg = Release|Win32
		{2F31098C-CDA8-4A8A-8544-15E98523C1C1}.Release|x86.Build.0 = Release|Win32
		{13DC924C-81EC-4479-9B95-D696493BBEDA}.Debug|x64.ActiveCfg = Debug|x64
		{13DC924C-81EC-4479-9B95-D696493BBEDA}.Debug|x64.Build.0 = Debug|x64
		{13DC924C-81EC-4479-9B95-D696493BBEDA}.Debug|x86.ActiveCfg = Debug|Win32
		{13DC924C-81EC-4479-9B95-D696493BBEDA}.Debug|x86.Build.0 = Debug|Win32
		{13DC924C-81EC-4479-9B95-D696493BBEDA}.Release|x64.ActiveCfg = Release|x64
		{13DC924C-81EC-4479-9B95-D696493BBEDA}.Release|x64.Build.0 = Release|x64
		{13DC924C-81EC-4479-9B95-D696493BBEDA}.Release|x86.ActiveCfg = Release|Win32
		{13DC924C-81EC-4479-9B95-D696493BBEDA}.Release|x86.Build.0 = Release|Win32
		{3814FE5E-E3D5-4D2B-96C8-F642095AAA94}.Debug|x64.ActiveCfg = Debug|x64
		{3814FE5E-E3D5-4D2B-96C8-F642095AAA94}.Debug|x64.Build.0 = Debug|x64
		{3814FE5E-E3D5-4D2B-96C8-F642095AAA94}.Debug|x86.ActiveCfg = Debug|Win32
		{3814FE5E-E3D5-4D2B-96C8-F642095AAA94}.Debug|x86.Build.0 = Debug|Win32
		{3814FE5E-E3D5-4D2B-96C8-F642095AAA94}.Release|x64.ActiveCfg = Release|x64
		{3814FE5E-E3D5-4D2B-96C8-F642095AAA94}.Release|x64.Build.0 = Release|x64
		{3814FE5E-E3D5-4D2B-96C8-F642095AAA94}.Release|x86.ActiveCfg = Release|Win32
		{3814FE5E-E3D5-4D2B-96C8-F642095AAA94}.Release|x86.Build.0 = Release|Win32
		{792571A8-C19C-4640-A35B-A1C6724E19FB}.Debug|x64.ActiveCfg = Debug|x64
		{792571A8-C19C-4640-A35B-A1C6724E19FB}.Debug|x64.Build.0 = Debug|x64
		{792571A8-C19C-4640-A35B-A1C6724E19FB}.Debug|x86.ActiveCfg = Debug|Win32
		{792571A8-C19C-4640-A35B-A1C6724E19FB}.Debug|x86.Build.0 = Debug|Win32
		{792571A8-C19C-4640-A35B-A1C6724E19FB}.Release|x64.ActiveCfg = Release|x64
		{792571A8-C19C-4640-A35B-A1C6724E19FB}.Release|x64.Build.0 = Release|x64
		{792571A8-C19C-4640-A35B-A1C6724E19FB}.Release|x86.ActiveCfg = Release|Win32
		{792571A8-C19C-4640-A35B-A1C6724E19FB}.Release|x86.Build.0 = Release|Win32
		{82C4CA22-82D2-4CDE-A82B-2CA0C7AD6012}.Debug|x64.ActiveCfg = Debug|x64
		{82C4CA22-82D2-4CDE-A82B-2CA0C7AD6012}.Debug|x64.Build.0 = Debug|x64
		{82C4CA22-82D2-4CDE-A82B-2CA0C7AD6012}.Debug|x86.ActiveCfg = Debug|Win32
		{82C4CA22-82D2-4CDE-A82B-2CA0C7AD6012}.Debug|x86.Build.0 = Debug|Win32
		{82C4CA22-82D2-4CDE-A82B-2CA0C7AD6012}.Release|x64.ActiveCfg = Release|x64
		{82C4CA22-82D2-4CDE-A82B-2CA0C7AD6012}.Release|x64.Build.0 = Release|x64
		{82C4CA22-82D2-4CDE-A82B-2CA0C7AD6012}.Release|x86.ActiveCfg = Release|Win32
		{82C4CA22-82D2-4CDE-A82B-2CA0C7AD6012}.Release|x86.Build.0 = Release|Win32
		{F64BCB47-E254-4084-B4BE-56DB76BC118E}.Debug|x64.ActiveCfg = Debug|x64
		{F64BCB47-E254-4084-B4BE-56DB76BC118E}.Debug|x64.Build.0 = Debug|x64
		{F64BCB47-E254-4084-B4BE-56DB76BC118E}.Debug|x86.ActiveCfg = Debug|Win32
		{F64BCB47-E254-4084-B4BE-56DB76BC118E}.Debug|x86.Build.0 = Debug|Win32
		{F64BCB47-E254-4084-B4BE-56DB76BC118E}.Release|x64.ActiveCfg = Release|x64
		{F64BCB47-E254-4084-B4BE-56DB76BC118E}.Release|x64.Build.0 = Release|x64
		{F64BCB47-E254-4084-B4BE-56DB76BC118E}.Release|x86.ActiveCfg = Release|Win32
		{F64BCB47-E254-4084-B4BE-56DB76BC118E}.Release|x86.Build.0 = Release|Win32
		{6F670ACC-3DCF-4C4C-A0CB-ECFAB20123B2}.Debug|x64.ActiveCfg = Debug|x64
		{6F670ACC-3DCF-4C4C-A0CB-ECFAB20123B2}.Debug|x64.Build.0 = Debug|x64
		{6F670ACC-3DCF-4C4C-A0CB-ECFAB20123B2}.Debug|x86.ActiveCfg = Debug|Win32
		{6F670ACC-3DCF-4C4C-A0CB-ECFAB20123B2}.Debug|x86.Build.0 = Debug|Win32
		{6F670ACC-3DCF-4C4C-A0CB-ECFAB20123B2}.Release|x64.ActiveCfg = Release|x64
		{6F670ACC-3DCF-4C4C-A0CB-ECFAB20123B2}.Release|x64.Build.0 = Release|x64
		{6F670ACC-3DCF-4C4C-A0CB-ECFAB20123B2}.Release|x86.ActiveCfg = Release|Win32
		{6F670ACC-3DCF-4C4C-A0CB-ECFAB20123B2}.Release|x86.Build.0 = Release|Win32
	EndGlobalSection
	GlobalSection(SolutionProperties) = preSolution
		HideSolutionNode = FALSE
	EndGlobalSection
	GlobalSection(ExtensibilityGlobals) = postSolution
		SolutionGuid = {3AD12A5B-34BD-4A3B-80BC-3FBE306871B2}
	EndGlobalSection
EndGlobal
